
Microsoft Visual Studio Solution File, Format Version 12.00
# Visual Studio 2013
VisualStudioVersion = 12.0.40629.0
MinimumVisualStudioVersion = 10.0.40219.1
Project("{FAE04EC0-301F-11D3-BF4B-00C04F79EFBC}") = "MedicalInformationSystem", "MedicalInformationSystem\MedicalInformationSystem.csproj", "{35F2A147-057F-4EFC-ADE1-6764486A569A}"
EndProject
Project("{2150E333-8FDC-42A3-9474-1A3956D46DE8}") = ".nuget", ".nuget", "{6F8A7612-BB88-4AB8-9F8D-E20C96C4DC93}"
EndProject
Global
	GlobalSection(SolutionConfigurationPlatforms) = preSolution
		Debug|Any CPU = Debug|Any CPU
		Release|Any CPU = Release|Any CPU
	EndGlobalSection
	GlobalSection(ProjectConfigurationPlatforms) = postSolution
		{35F2A147-057F-4EFC-ADE1-6764486A569A}.Debug|Any CPU.ActiveCfg = Debug|Any CPU
		{35F2A147-057F-4EFC-ADE1-6764486A569A}.Debug|Any CPU.Build.0 = Debug|Any CPU
		{35F2A147-057F-4EFC-ADE1-6764486A569A}.Release|Any CPU.ActiveCfg = Release|Any CPU
		{35F2A147-057F-4EFC-ADE1-6764486A569A}.Release|Any CPU.Build.0 = Release|Any CPU
	EndGlobalSection
	GlobalSection(SolutionProperties) = preSolution
		HideSolutionNode = FALSE
	EndGlobalSection
EndGlobal
